<?xml version="1.0" encoding="utf-8"?>
<Project ToolsVersion="4.0" xmlns="http://schemas.microsoft.com/developer/msbuild/2003">
  <ItemGroup>
    <Filter Include="Source Files">
      <UniqueIdentifier>{4FC737F1-C7A5-4376-A066-2A32D752A2FF}</UniqueIdentifier>
      <Extensions>cpp;c;cc;cxx;def;odl;idl;hpj;bat;asm;asmx</Extensions>
    </Filter>
    <Filter Include="Header Files">
      <UniqueIdentifier>{93995380-89BD-4b04-88EB-625FBE52EBFB}</UniqueIdentifier>
      <Extensions>h;hh;hpp;hxx;hm;inl;inc;xsd</Extensions>
    </Filter>
    <Filter Include="Resource Files">
      <UniqueIdentifier>{67DA6AB6-F800-4c08-8B7A-83BB121AAD01}</UniqueIdentifier>
      <Extensions>rc;ico;cur;bmp;dlg;rc2;rct;bin;rgs;gif;jpg;jpeg;jpe;resx;tiff;tif;png;wav;mfcribbon-ms</Extensions>
    </Filter>
    <Filter Include="Shaders">
      <UniqueIdentifier>{8b6c92a8-f65d-451e-80e3-d65773602b92}</UniqueIdentifier>
    </Filter>
    <Filter Include="Sounds">
      <UniqueIdentifier>{87e37d4d-5f8b-45a7-902c-08dd69711816}</UniqueIdentifier>
    </Filter>
    <Filter Include="Sprites">
      <UniqueIdentifier>{e6a816ca-46fa-47b6-85c0-df7f7dd86794}</UniqueIdentifier>
    </Filter>
  </ItemGroup>
  <ItemGroup>
    <ClInclude Include="ChiliWin.h">
      <Filter>Header Files</Filter>
    </ClInclude>
    <ClInclude Include="Colors.h">
      <Filter>Header Files</Filter>
    </ClInclude>
    <ClInclude Include="DXErr.h">
      <Filter>Header Files</Filter>
    </ClInclude>
    <ClInclude Include="Game.h">
      <Filter>Header Files</Filter>
    </ClInclude>
    <ClInclude Include="Graphics.h">
      <Filter>Header Files</Filter>
    </ClInclude>
    <ClInclude Include="Keyboard.h">
      <Filter>Header Files</Filter>
    </ClInclude>
    <ClInclude Include="MainWindow.h">
      <Filter>Header Files</Filter>
    </ClInclude>
    <ClInclude Include="Mouse.h">
      <Filter>Header Files</Filter>
    </ClInclude>
    <ClInclude Include="ChiliException.h">
      <Filter>Header Files</Filter>
    </ClInclude>
    <ClInclude Include="Resource.h">
      <Filter>Header Files</Filter>
    </ClInclude>
    <ClInclude Include="Sound.h">
      <Filter>Header Files</Filter>
    </ClInclude>
    <ClInclude Include="SoundEffect.h">
      <Filter>Header Files</Filter>
    </ClInclude>
    <ClInclude Include="COMInitializer.h">
      <Filter>Header Files</Filter>
    </ClInclude>
    <ClInclude Include="Alien.h">
      <Filter>Header Files</Filter>
    </ClInclude>
    <ClInclude Include="Tank.h">
      <Filter>Header Files</Filter>
    </ClInclude>
    <ClInclude Include="House.h">
      <Filter>Header Files</Filter>
    </ClInclude>
    <ClInclude Include="TankShot.h">
      <Filter>Header Files</Filter>
    </ClInclude>
    <ClInclude Include="AlienShot.h">
      <Filter>Header Files</Filter>
    </ClInclude>
    <ClInclude Include="FrameTime.h">
      <Filter>Header Files</Filter>
    </ClInclude>
    <ClInclude Include="PixelArt.h">
      <Filter>Header Files</Filter>
    </ClInclude>
    <ClInclude Include="Rect.h">
      <Filter>Header Files</Filter>
    </ClInclude>
    <ClInclude Include="Vec2.h">
      <Filter>Header Files</Filter>
    </ClInclude>
    <ClInclude Include="Matrix.h">
      <Filter>Header Files</Filter>
    </ClInclude>
    <ClInclude Include="Surface.h">
      <Filter>Header Files</Filter>
    </ClInclude>
    <ClInclude Include="SpriteEffect.h">
      <Filter>Header Files</Filter>
    </ClInclude>
    <ClInclude Include="Invader.h">
      <Filter>Header Files</Filter>
    </ClInclude>
    <ClInclude Include="Font.h">
      <Filter>Header Files</Filter>
    </ClInclude>
  </ItemGroup>
  <ItemGroup>
    <ClCompile Include="DXErr.cpp">
      <Filter>Source Files</Filter>
    </ClCompile>
    <ClCompile Include="Game.cpp">
      <Filter>Source Files</Filter>
    </ClCompile>
    <ClCompile Include="Graphics.cpp">
      <Filter>Source Files</Filter>
    </ClCompile>
    <ClCompile Include="Keyboard.cpp">
      <Filter>Source Files</Filter>
    </ClCompile>
    <ClCompile Include="Main.cpp">
      <Filter>Source Files</Filter>
    </ClCompile>
    <ClCompile Include="MainWindow.cpp">
      <Filter>Source Files</Filter>
    </ClCompile>
    <ClCompile Include="Mouse.cpp">
      <Filter>Source Files</Filter>
    </ClCompile>
    <ClCompile Include="Sound.cpp">
      <Filter>Source Files</Filter>
    </ClCompile>
    <ClCompile Include="COMInitializer.cpp">
      <Filter>Source Files</Filter>
    </ClCompile>
    <ClCompile Include="Tank.cpp">
      <Filter>Source Files</Filter>
    </ClCompile>
    <ClCompile Include="Alien.cpp">
      <Filter>Source Files</Filter>
    </ClCompile>
    <ClCompile Include="House.cpp">
      <Filter>Source Files</Filter>
    </ClCompile>
    <ClCompile Include="TankShot.cpp">
      <Filter>Source Files</Filter>
    </ClCompile>
    <ClCompile Include="AlienShot.cpp">
      <Filter>Source Files</Filter>
    </ClCompile>
    <ClCompile Include="FrameTime.cpp">
      <Filter>Source Files</Filter>
    </ClCompile>
    <ClCompile Include="PixelArt.cpp">
      <Filter>Source Files</Filter>
    </ClCompile>
    <ClCompile Include="Matrix.cpp">
      <Filter>Source Files</Filter>
    </ClCompile>
    <ClCompile Include="Surface.cpp">
      <Filter>Source Files</Filter>
    </ClCompile>
    <ClCompile Include="Invader.cpp">
      <Filter>Source Files</Filter>
    </ClCompile>
    <ClCompile Include="Font.cpp">
      <Filter>Source Files</Filter>
    </ClCompile>
  </ItemGroup>
  <ItemGroup>
    <FxCompile Include="FramebufferPS.hlsl">
      <Filter>Shaders</Filter>
    </FxCompile>
    <FxCompile Include="FramebufferVS.hlsl">
      <Filter>Shaders</Filter>
    </FxCompile>
  </ItemGroup>
  <ItemGroup>
    <ResourceCompile Include="Resource.rc">
      <Filter>Resource Files</Filter>
    </ResourceCompile>
  </ItemGroup>
  <ItemGroup>
    <Image Include="Chili.ico">
      <Filter>Resource Files</Filter>
    </Image>
    <Image Include="Sprites\Aliens26x18.bmp">
      <Filter>Sprites</Filter>
    </Image>
    <Image Include="Sprites\AlienShot6x12.bmp">
      <Filter>Sprites</Filter>
    </Image>
    <Image Include="Sprites\Background800x600.bmp">
      <Filter>Sprites</Filter>
    </Image>
    <Image Include="Sprites\Explosion20x16.bmp">
      <Filter>Sprites</Filter>
    </Image>
    <Image Include="Sprites\game_over84x64.bmp">
      <Filter>Sprites</Filter>
    </Image>
    <Image Include="Sprites\SpaceInvaders399x44.bmp">
      <Filter>Sprites</Filter>
    </Image>
    <Image Include="Sprites\Tank20x18.bmp">
      <Filter>Sprites</Filter>
    </Image>
    <Image Include="Sprites\TankShell4x8.bmp">
      <Filter>Sprites</Filter>
    </Image>
    <Image Include="Sprites\Text16x28.bmp">
      <Filter>Sprites</Filter>
    </Image>
    <Image Include="Sprites\UFO30x14.bmp">
      <Filter>Sprites</Filter>
    </Image>
    <Image Include="Sprites\YouWin180x180.bmp">
      <Filter>Sprites</Filter>
    </Image>
  </ItemGroup>
  <ItemGroup>
    <Media Include="Sounds\explosion.wav">
      <Filter>Sounds</Filter>
    </Media>
    <Media Include="Sounds\fastinvader1.wav">
      <Filter>Sounds</Filter>
    </Media>
    <Media Include="Sounds\fastinvader2.wav">
      <Filter>Sounds</Filter>
    </Media>
    <Media Include="Sounds\fastinvader3.wav">
      <Filter>Sounds</Filter>
    </Media>
    <Media Include="Sounds\fastinvader4.wav">
      <Filter>Sounds</Filter>
    </Media>
    <Media Include="Sounds\invaderkilled.wav">
      <Filter>Sounds</Filter>
    </Media>
    <Media Include="Sounds\shoot.wav">
      <Filter>Sounds</Filter>
    </Media>
    <Media Include="Sounds\ufo_highpitch.wav">
      <Filter>Sounds</Filter>
    </Media>
    <Media Include="Sounds\ufo_lowpitch.wav">
      <Filter>Sounds</Filter>
    </Media>
  </ItemGroup>
  <ItemGroup>
    <Text Include="house.g">
      <Filter>Sprites</Filter>
    </Text>
  </ItemGroup>
</Project>